
Microsoft Visual Studio Solution File, Format Version 12.00
# Visual Studio 15
VisualStudioVersion = 15.0.27703.2018
MinimumVisualStudioVersion = 10.0.40219.1
Project("{9A19103F-16F7-4668-BE54-9A1E7A4F7556}") = "CoreBackend.Api", "CoreBackend.Api\CoreBackend.Api.csproj", "{7A323A53-28AC-4706-BCF5-69FE7DF8BC3B}"
EndProject
Global
	GlobalSection(SolutionConfigurationPlatforms) = preSolution
		Debug|Any CPU = Debug|Any CPU
		Release|Any CPU = Release|Any CPU
	EndGlobalSection
	GlobalSection(ProjectConfigurationPlatforms) = postSolution
		{7A323A53-28AC-4706-BCF5-69FE7DF8BC3B}.Debug|Any CPU.ActiveCfg = Debug|Any CPU
		{7A323A53-28AC-4706-BCF5-69FE7DF8BC3B}.Debug|Any CPU.Build.0 = Debug|Any CPU
		{7A323A53-28AC-4706-BCF5-69FE7DF8BC3B}.Release|Any CPU.ActiveCfg = Release|Any CPU
		{7A323A53-28AC-4706-BCF5-69FE7DF8BC3B}.Release|Any CPU.Build.0 = Release|Any CPU
	EndGlobalSection
	GlobalSection(SolutionProperties) = preSolution
		HideSolutionNode = FALSE
	EndGlobalSection
	GlobalSection(ExtensibilityGlobals) = postSolution
		SolutionGuid = {E5269A74-45BB-4BDA-834A-53F57B76A7A9}
	EndGlobalSection
EndGlobal
